
Microsoft Visual Studio Solution File, Format Version 12.00
# Visual Studio Version 16
VisualStudioVersion = 16.0.29613.14
MinimumVisualStudioVersion = 10.0.40219.1
Project("{9A19103F-16F7-4668-BE54-9A1E7A4F7556}") = "Engine", "Engine\Engine.csproj", "{67DBD18E-0013-4B53-810C-EEBDD63FFD05}"
EndProject
Project("{9A19103F-16F7-4668-BE54-9A1E7A4F7556}") = "EngineTests", "EngineTests\EngineTests.csproj", "{3B8A12D4-CDB4-4594-841A-1A1926170DE8}"
EndProject
Project("{FAE04EC0-301F-11D3-BF4B-00C04F79EFBC}") = "Website", "Website\Website.csproj", "{519E85C2-CF7B-4A1E-A665-C3461A12E30E}"
EndProject
Global
	GlobalSection(SolutionConfigurationPlatforms) = preSolution
		Debug|Any CPU = Debug|Any CPU
		Release|Any CPU = Release|Any CPU
	EndGlobalSection
	GlobalSection(ProjectConfigurationPlatforms) = postSolution
		{67DBD18E-0013-4B53-810C-EEBDD63FFD05}.Debug|Any CPU.ActiveCfg = Debug|Any CPU
		{67DBD18E-0013-4B53-810C-EEBDD63FFD05}.Debug|Any CPU.Build.0 = Debug|Any CPU
		{67DBD18E-0013-4B53-810C-EEBDD63FFD05}.Release|Any CPU.ActiveCfg = Release|Any CPU
		{67DBD18E-0013-4B53-810C-EEBDD63FFD05}.Release|Any CPU.Build.0 = Release|Any CPU
		{3B8A12D4-CDB4-4594-841A-1A1926170DE8}.Debug|Any CPU.ActiveCfg = Debug|Any CPU
		{3B8A12D4-CDB4-4594-841A-1A1926170DE8}.Debug|Any CPU.Build.0 = Debug|Any CPU
		{3B8A12D4-CDB4-4594-841A-1A1926170DE8}.Release|Any CPU.ActiveCfg = Release|Any CPU
		{3B8A12D4-CDB4-4594-841A-1A1926170DE8}.Release|Any CPU.Build.0 = Release|Any CPU
		{519E85C2-CF7B-4A1E-A665-C3461A12E30E}.Debug|Any CPU.ActiveCfg = Debug|Any CPU
		{519E85C2-CF7B-4A1E-A665-C3461A12E30E}.Debug|Any CPU.Build.0 = Debug|Any CPU
		{519E85C2-CF7B-4A1E-A665-C3461A12E30E}.Release|Any CPU.ActiveCfg = Release|Any CPU
		{519E85C2-CF7B-4A1E-A665-C3461A12E30E}.Release|Any CPU.Build.0 = Release|Any CPU
	EndGlobalSection
	GlobalSection(SolutionProperties) = preSolution
		HideSolutionNode = FALSE
	EndGlobalSection
	GlobalSection(ExtensibilityGlobals) = postSolution
		SolutionGuid = {39C79CC7-C45F-49B6-9FD7-30692044A619}
	EndGlobalSection
EndGlobal
