
Microsoft Visual Studio Solution File, Format Version 12.00
# Visual Studio Version 17
VisualStudioVersion = 17.4.33205.214
MinimumVisualStudioVersion = 10.0.40219.1
Project("{E53339B2-1760-4266-BCC7-CA923CBCF16C}") = "docker-compose", "docker-compose.dcproj", "{E1D16EB9-9D04-44BB-9C4C-7437B5627076}"
EndProject
Project("{FAE04EC0-301F-11D3-BF4B-00C04F79EFBC}") = "bootstrapper", "bootstrapper\bootstrapper.csproj", "{5EBBCF83-F000-4F46-B111-4E94CA7A8FCF}"
EndProject
Project("{FAE04EC0-301F-11D3-BF4B-00C04F79EFBC}") = "engine", "engine\engine.csproj", "{33E9543E-B5ED-488E-9034-3630EB0B5A66}"
EndProject
Project("{FAE04EC0-301F-11D3-BF4B-00C04F79EFBC}") = "api", "api\api.csproj", "{E5FCD931-9A2E-447C-B0D9-D86E13F04D1F}"
EndProject
Project("{FAE04EC0-301F-11D3-BF4B-00C04F79EFBC}") = "engine-tests", "engine-tests\engine-tests.csproj", "{23C23391-354B-45CE-9A2D-75DA4F8C04CB}"
EndProject
Project("{FAE04EC0-301F-11D3-BF4B-00C04F79EFBC}") = "common", "common\common.csproj", "{D84C1754-D37B-4080-94B4-5EEAC3EBF4FB}"
EndProject
Global
	GlobalSection(SolutionConfigurationPlatforms) = preSolution
		Debug|Any CPU = Debug|Any CPU
		Release|Any CPU = Release|Any CPU
	EndGlobalSection
	GlobalSection(ProjectConfigurationPlatforms) = postSolution
		{E1D16EB9-9D04-44BB-9C4C-7437B5627076}.Debug|Any CPU.ActiveCfg = Debug|Any CPU
		{E1D16EB9-9D04-44BB-9C4C-7437B5627076}.Debug|Any CPU.Build.0 = Debug|Any CPU
		{E1D16EB9-9D04-44BB-9C4C-7437B5627076}.Release|Any CPU.ActiveCfg = Release|Any CPU
		{E1D16EB9-9D04-44BB-9C4C-7437B5627076}.Release|Any CPU.Build.0 = Release|Any CPU
		{5EBBCF83-F000-4F46-B111-4E94CA7A8FCF}.Debug|Any CPU.ActiveCfg = Debug|Any CPU
		{5EBBCF83-F000-4F46-B111-4E94CA7A8FCF}.Debug|Any CPU.Build.0 = Debug|Any CPU
		{5EBBCF83-F000-4F46-B111-4E94CA7A8FCF}.Release|Any CPU.ActiveCfg = Release|Any CPU
		{5EBBCF83-F000-4F46-B111-4E94CA7A8FCF}.Release|Any CPU.Build.0 = Release|Any CPU
		{33E9543E-B5ED-488E-9034-3630EB0B5A66}.Debug|Any CPU.ActiveCfg = Debug|Any CPU
		{33E9543E-B5ED-488E-9034-3630EB0B5A66}.Debug|Any CPU.Build.0 = Debug|Any CPU
		{33E9543E-B5ED-488E-9034-3630EB0B5A66}.Release|Any CPU.ActiveCfg = Release|Any CPU
		{33E9543E-B5ED-488E-9034-3630EB0B5A66}.Release|Any CPU.Build.0 = Release|Any CPU
		{E5FCD931-9A2E-447C-B0D9-D86E13F04D1F}.Debug|Any CPU.ActiveCfg = Debug|Any CPU
		{E5FCD931-9A2E-447C-B0D9-D86E13F04D1F}.Debug|Any CPU.Build.0 = Debug|Any CPU
		{E5FCD931-9A2E-447C-B0D9-D86E13F04D1F}.Release|Any CPU.ActiveCfg = Release|Any CPU
		{E5FCD931-9A2E-447C-B0D9-D86E13F04D1F}.Release|Any CPU.Build.0 = Release|Any CPU
		{23C23391-354B-45CE-9A2D-75DA4F8C04CB}.Debug|Any CPU.ActiveCfg = Debug|Any CPU
		{23C23391-354B-45CE-9A2D-75DA4F8C04CB}.Debug|Any CPU.Build.0 = Debug|Any CPU
		{23C23391-354B-45CE-9A2D-75DA4F8C04CB}.Release|Any CPU.ActiveCfg = Release|Any CPU
		{23C23391-354B-45CE-9A2D-75DA4F8C04CB}.Release|Any CPU.Build.0 = Release|Any CPU
		{D84C1754-D37B-4080-94B4-5EEAC3EBF4FB}.Debug|Any CPU.ActiveCfg = Debug|Any CPU
		{D84C1754-D37B-4080-94B4-5EEAC3EBF4FB}.Debug|Any CPU.Build.0 = Debug|Any CPU
		{D84C1754-D37B-4080-94B4-5EEAC3EBF4FB}.Release|Any CPU.ActiveCfg = Release|Any CPU
		{D84C1754-D37B-4080-94B4-5EEAC3EBF4FB}.Release|Any CPU.Build.0 = Release|Any CPU
	EndGlobalSection
	GlobalSection(SolutionProperties) = preSolution
		HideSolutionNode = FALSE
	EndGlobalSection
	GlobalSection(ExtensibilityGlobals) = postSolution
		SolutionGuid = {B780AA59-49F7-4AAF-A47D-02A4735B8342}
	EndGlobalSection
EndGlobal
